
Microsoft Visual Studio Solution File, Format Version 12.00
# Visual Studio 15
VisualStudioVersion = 15.0.28307.645
MinimumVisualStudioVersion = 10.0.40219.1
Project("{FAE04EC0-301F-11D3-BF4B-00C04F79EFBC}") = "LimitesCredito", "LimitesCredito\LimitesCredito.csproj", "{99CBF613-863F-40F5-B034-D625B2B18CD5}"
EndProject
Global
	GlobalSection(SolutionConfigurationPlatforms) = preSolution
		Debug|Any CPU = Debug|Any CPU
		Release|Any CPU = Release|Any CPU
	EndGlobalSection
	GlobalSection(ProjectConfigurationPlatforms) = postSolution
		{99CBF613-863F-40F5-B034-D625B2B18CD5}.Debug|Any CPU.ActiveCfg = Debug|Any CPU
		{99CBF613-863F-40F5-B034-D625B2B18CD5}.Debug|Any CPU.Build.0 = Debug|Any CPU
		{99CBF613-863F-40F5-B034-D625B2B18CD5}.Release|Any CPU.ActiveCfg = Release|Any CPU
		{99CBF613-863F-40F5-B034-D625B2B18CD5}.Release|Any CPU.Build.0 = Release|Any CPU
	EndGlobalSection
	GlobalSection(SolutionProperties) = preSolution
		HideSolutionNode = FALSE
	EndGlobalSection
	GlobalSection(ExtensibilityGlobals) = postSolution
		SolutionGuid = {3143A063-D23D-4E4D-ADB8-1AA6711FD92A}
	EndGlobalSection
EndGlobal
